// !$*UTF8*$!
{
	archiveVersion = 1;
	classes = {
	};
	objectVersion = 50;
	objects = {

/* Begin PBXBuildFile section */
		88F1A95A26E1B52C00E4B64E /* AppDelegate.swift in Sources */ = {isa = PBXBuildFile; fileRef = 88F1A95926E1B52C00E4B64E /* AppDelegate.swift */; };
		88F1A95C26E1B52C00E4B64E /* SceneDelegate.swift in Sources */ = {isa = PBXBuildFile; fileRef = 88F1A95B26E1B52C00E4B64E /* SceneDelegate.swift */; };
		88F1A95E26E1B52C00E4B64E /* IndexViewController.swift in Sources */ = {isa = PBXBuildFile; fileRef = 88F1A95D26E1B52C00E4B64E /* IndexViewController.swift */; };
		88F1A96126E1B52C00E4B64E /* Main.storyboard in Resources */ = {isa = PBXBuildFile; fileRef = 88F1A95F26E1B52C00E4B64E /* Main.storyboard */; };
		88F1A96326E1B53300E4B64E /* Assets.xcassets in Resources */ = {isa = PBXBuildFile; fileRef = 88F1A96226E1B53300E4B64E /* Assets.xcassets */; };
		88F1A96626E1B53300E4B64E /* LaunchScreen.storyboard in Resources */ = {isa = PBXBuildFile; fileRef = 88F1A96426E1B53300E4B64E /* LaunchScreen.storyboard */; };
		88F1A97126E1B53300E4B64E /* iOS_DemoTests.swift in Sources */ = {isa = PBXBuildFile; fileRef = 88F1A97026E1B53300E4B64E /* iOS_DemoTests.swift */; };
		88F1A97C26E1B53300E4B64E /* iOS_DemoUITests.swift in Sources */ = {isa = PBXBuildFile; fileRef = 88F1A97B26E1B53300E4B64E /* iOS_DemoUITests.swift */; };
		88F1A98D26E1D08F00E4B64E /* IndexCell.swift in Sources */ = {isa = PBXBuildFile; fileRef = 88F1A98C26E1D08F00E4B64E /* IndexCell.swift */; };
		88F38C9728A20BFF005BCBFA /* HashViewController.swift in Sources */ = {isa = PBXBuildFile; fileRef = 88F38C9628A20BFF005BCBFA /* HashViewController.swift */; };
		88F38C9B28A2375E005BCBFA /* HashOCViewController.m in Sources */ = {isa = PBXBuildFile; fileRef = 88F38C9A28A2375E005BCBFA /* HashOCViewController.m */; };
		88F38C9E28A2496B005BCBFA /* CopyViewController.m in Sources */ = {isa = PBXBuildFile; fileRef = 88F38C9D28A2496B005BCBFA /* CopyViewController.m */; };
		88F38CB028A266FA005BCBFA /* IndexCell.xib in Resources */ = {isa = PBXBuildFile; fileRef = 88F38CAF28A266FA005BCBFA /* IndexCell.xib */; };
		88F38CB428A344B5005BCBFA /* ReadWriteLockViewController.m in Sources */ = {isa = PBXBuildFile; fileRef = 88F38CB328A344B5005BCBFA /* ReadWriteLockViewController.m */; };
		88F38CB728A381EC005BCBFA /* MultiThreadViewController.m in Sources */ = {isa = PBXBuildFile; fileRef = 88F38CB628A381EC005BCBFA /* MultiThreadViewController.m */; };
		88F38CBB28A39E1F005BCBFA /* AtomicThreadNotSafeViewController.m in Sources */ = {isa = PBXBuildFile; fileRef = 88F38CBA28A39E1F005BCBFA /* AtomicThreadNotSafeViewController.m */; };
		88F38CBE28A3B4FA005BCBFA /* StaticDynamicTypeViewController.m in Sources */ = {isa = PBXBuildFile; fileRef = 88F38CBD28A3B4FA005BCBFA /* StaticDynamicTypeViewController.m */; };
		88F38CC328A3B75F005BCBFA /* PlaygroundOCViewController.m in Sources */ = {isa = PBXBuildFile; fileRef = 88F38CC228A3B75F005BCBFA /* PlaygroundOCViewController.m */; };
		88F38CC528A3B77E005BCBFA /* PlaygroundSwiftViewController.swift in Sources */ = {isa = PBXBuildFile; fileRef = 88F38CC428A3B77E005BCBFA /* PlaygroundSwiftViewController.swift */; };
		88F38CC828A4D750005BCBFA /* SelfSuperViewController.m in Sources */ = {isa = PBXBuildFile; fileRef = 88F38CC728A4D750005BCBFA /* SelfSuperViewController.m */; };
/* End PBXBuildFile section */

/* Begin PBXContainerItemProxy section */
		88F1A96D26E1B53300E4B64E /* PBXContainerItemProxy */ = {
			isa = PBXContainerItemProxy;
			containerPortal = 88F1A94E26E1B52B00E4B64E /* Project object */;
			proxyType = 1;
			remoteGlobalIDString = 88F1A95526E1B52C00E4B64E;
			remoteInfo = "iOS Demo";
		};
		88F1A97826E1B53300E4B64E /* PBXContainerItemProxy */ = {
			isa = PBXContainerItemProxy;
			containerPortal = 88F1A94E26E1B52B00E4B64E /* Project object */;
			proxyType = 1;
			remoteGlobalIDString = 88F1A95526E1B52C00E4B64E;
			remoteInfo = "iOS Demo";
		};
/* End PBXContainerItemProxy section */

/* Begin PBXFileReference section */
		88F1A95626E1B52C00E4B64E /* iOS Demo.app */ = {isa = PBXFileReference; explicitFileType = wrapper.application; includeInIndex = 0; path = "iOS Demo.app"; sourceTree = BUILT_PRODUCTS_DIR; };
		88F1A95926E1B52C00E4B64E /* AppDelegate.swift */ = {isa = PBXFileReference; lastKnownFileType = sourcecode.swift; path = AppDelegate.swift; sourceTree = "<group>"; };
		88F1A95B26E1B52C00E4B64E /* SceneDelegate.swift */ = {isa = PBXFileReference; lastKnownFileType = sourcecode.swift; path = SceneDelegate.swift; sourceTree = "<group>"; };
		88F1A95D26E1B52C00E4B64E /* IndexViewController.swift */ = {isa = PBXFileReference; lastKnownFileType = sourcecode.swift; path = IndexViewController.swift; sourceTree = "<group>"; };
		88F1A96026E1B52C00E4B64E /* Base */ = {isa = PBXFileReference; lastKnownFileType = file.storyboard; name = Base; path = Base.lproj/Main.storyboard; sourceTree = "<group>"; };
		88F1A96226E1B53300E4B64E /* Assets.xcassets */ = {isa = PBXFileReference; lastKnownFileType = folder.assetcatalog; path = Assets.xcassets; sourceTree = "<group>"; };
		88F1A96526E1B53300E4B64E /* Base */ = {isa = PBXFileReference; lastKnownFileType = file.storyboard; name = Base; path = Base.lproj/LaunchScreen.storyboard; sourceTree = "<group>"; };
		88F1A96726E1B53300E4B64E /* Info.plist */ = {isa = PBXFileReference; lastKnownFileType = text.plist.xml; path = Info.plist; sourceTree = "<group>"; };
		88F1A96C26E1B53300E4B64E /* iOS DemoTests.xctest */ = {isa = PBXFileReference; explicitFileType = wrapper.cfbundle; includeInIndex = 0; path = "iOS DemoTests.xctest"; sourceTree = BUILT_PRODUCTS_DIR; };
		88F1A97026E1B53300E4B64E /* iOS_DemoTests.swift */ = {isa = PBXFileReference; lastKnownFileType = sourcecode.swift; path = iOS_DemoTests.swift; sourceTree = "<group>"; };
		88F1A97226E1B53300E4B64E /* Info.plist */ = {isa = PBXFileReference; lastKnownFileType = text.plist.xml; path = Info.plist; sourceTree = "<group>"; };
		88F1A97726E1B53300E4B64E /* iOS DemoUITests.xctest */ = {isa = PBXFileReference; explicitFileType = wrapper.cfbundle; includeInIndex = 0; path = "iOS DemoUITests.xctest"; sourceTree = BUILT_PRODUCTS_DIR; };
		88F1A97B26E1B53300E4B64E /* iOS_DemoUITests.swift */ = {isa = PBXFileReference; lastKnownFileType = sourcecode.swift; path = iOS_DemoUITests.swift; sourceTree = "<group>"; };
		88F1A97D26E1B53300E4B64E /* Info.plist */ = {isa = PBXFileReference; lastKnownFileType = text.plist.xml; path = Info.plist; sourceTree = "<group>"; };
		88F1A98C26E1D08F00E4B64E /* IndexCell.swift */ = {isa = PBXFileReference; lastKnownFileType = sourcecode.swift; path = IndexCell.swift; sourceTree = "<group>"; };
		88F38C9628A20BFF005BCBFA /* HashViewController.swift */ = {isa = PBXFileReference; lastKnownFileType = sourcecode.swift; path = HashViewController.swift; sourceTree = "<group>"; };
		88F38C9828A2375E005BCBFA /* iOS Demo-Bridging-Header.h */ = {isa = PBXFileReference; lastKnownFileType = sourcecode.c.h; path = "iOS Demo-Bridging-Header.h"; sourceTree = "<group>"; };
		88F38C9928A2375E005BCBFA /* HashOCViewController.h */ = {isa = PBXFileReference; lastKnownFileType = sourcecode.c.h; path = HashOCViewController.h; sourceTree = "<group>"; };
		88F38C9A28A2375E005BCBFA /* HashOCViewController.m */ = {isa = PBXFileReference; lastKnownFileType = sourcecode.c.objc; path = HashOCViewController.m; sourceTree = "<group>"; };
		88F38C9C28A2496B005BCBFA /* CopyViewController.h */ = {isa = PBXFileReference; lastKnownFileType = sourcecode.c.h; path = CopyViewController.h; sourceTree = "<group>"; };
		88F38C9D28A2496B005BCBFA /* CopyViewController.m */ = {isa = PBXFileReference; lastKnownFileType = sourcecode.c.objc; path = CopyViewController.m; sourceTree = "<group>"; };
		88F38CAF28A266FA005BCBFA /* IndexCell.xib */ = {isa = PBXFileReference; lastKnownFileType = file.xib; path = IndexCell.xib; sourceTree = "<group>"; };
		88F38CB228A344B5005BCBFA /* ReadWriteLockViewController.h */ = {isa = PBXFileReference; lastKnownFileType = sourcecode.c.h; path = ReadWriteLockViewController.h; sourceTree = "<group>"; };
		88F38CB328A344B5005BCBFA /* ReadWriteLockViewController.m */ = {isa = PBXFileReference; lastKnownFileType = sourcecode.c.objc; path = ReadWriteLockViewController.m; sourceTree = "<group>"; };
		88F38CB528A381EC005BCBFA /* MultiThreadViewController.h */ = {isa = PBXFileReference; lastKnownFileType = sourcecode.c.h; path = MultiThreadViewController.h; sourceTree = "<group>"; };
		88F38CB628A381EC005BCBFA /* MultiThreadViewController.m */ = {isa = PBXFileReference; lastKnownFileType = sourcecode.c.objc; path = MultiThreadViewController.m; sourceTree = "<group>"; };
		88F38CB928A39E1F005BCBFA /* AtomicThreadNotSafeViewController.h */ = {isa = PBXFileReference; lastKnownFileType = sourcecode.c.h; path = AtomicThreadNotSafeViewController.h; sourceTree = "<group>"; };
		88F38CBA28A39E1F005BCBFA /* AtomicThreadNotSafeViewController.m */ = {isa = PBXFileReference; lastKnownFileType = sourcecode.c.objc; path = AtomicThreadNotSafeViewController.m; sourceTree = "<group>"; };
		88F38CBC28A3B4FA005BCBFA /* StaticDynamicTypeViewController.h */ = {isa = PBXFileReference; lastKnownFileType = sourcecode.c.h; name = StaticDynamicTypeViewController.h; path = Atomic/StaticDynamicTypeViewController.h; sourceTree = "<group>"; };
		88F38CBD28A3B4FA005BCBFA /* StaticDynamicTypeViewController.m */ = {isa = PBXFileReference; lastKnownFileType = sourcecode.c.objc; name = StaticDynamicTypeViewController.m; path = Atomic/StaticDynamicTypeViewController.m; sourceTree = "<group>"; };
		88F38CC128A3B75F005BCBFA /* PlaygroundOCViewController.h */ = {isa = PBXFileReference; lastKnownFileType = sourcecode.c.h; path = PlaygroundOCViewController.h; sourceTree = "<group>"; };
		88F38CC228A3B75F005BCBFA /* PlaygroundOCViewController.m */ = {isa = PBXFileReference; lastKnownFileType = sourcecode.c.objc; path = PlaygroundOCViewController.m; sourceTree = "<group>"; };
		88F38CC428A3B77E005BCBFA /* PlaygroundSwiftViewController.swift */ = {isa = PBXFileReference; lastKnownFileType = sourcecode.swift; path = PlaygroundSwiftViewController.swift; sourceTree = "<group>"; };
		88F38CC628A4D750005BCBFA /* SelfSuperViewController.h */ = {isa = PBXFileReference; lastKnownFileType = sourcecode.c.h; path = SelfSuperViewController.h; sourceTree = "<group>"; };
		88F38CC728A4D750005BCBFA /* SelfSuperViewController.m */ = {isa = PBXFileReference; lastKnownFileType = sourcecode.c.objc; path = SelfSuperViewController.m; sourceTree = "<group>"; };
/* End PBXFileReference section */

/* Begin PBXFrameworksBuildPhase section */
		88F1A95326E1B52C00E4B64E /* Frameworks */ = {
			isa = PBXFrameworksBuildPhase;
			buildActionMask = 2147483647;
			files = (
			);
			runOnlyForDeploymentPostprocessing = 0;
		};
		88F1A96926E1B53300E4B64E /* Frameworks */ = {
			isa = PBXFrameworksBuildPhase;
			buildActionMask = 2147483647;
			files = (
			);
			runOnlyForDeploymentPostprocessing = 0;
		};
		88F1A97426E1B53300E4B64E /* Frameworks */ = {
			isa = PBXFrameworksBuildPhase;
			buildActionMask = 2147483647;
			files = (
			);
			runOnlyForDeploymentPostprocessing = 0;
		};
/* End PBXFrameworksBuildPhase section */

/* Begin PBXGroup section */
		88F1A94D26E1B52B00E4B64E = {
			isa = PBXGroup;
			children = (
				88F1A95826E1B52C00E4B64E /* iOS Demo */,
				88F1A96F26E1B53300E4B64E /* iOS DemoTests */,
				88F1A97A26E1B53300E4B64E /* iOS DemoUITests */,
				88F1A95726E1B52C00E4B64E /* Products */,
			);
			sourceTree = "<group>";
		};
		88F1A95726E1B52C00E4B64E /* Products */ = {
			isa = PBXGroup;
			children = (
				88F1A95626E1B52C00E4B64E /* iOS Demo.app */,
				88F1A96C26E1B53300E4B64E /* iOS DemoTests.xctest */,
				88F1A97726E1B53300E4B64E /* iOS DemoUITests.xctest */,
			);
			name = Products;
			sourceTree = "<group>";
		};
		88F1A95826E1B52C00E4B64E /* iOS Demo */ = {
			isa = PBXGroup;
			children = (
				88F38CA028A24D76005BCBFA /* Foundation */,
				88F1A99126E1FE7200E4B64E /* Index */,
				88F1A95926E1B52C00E4B64E /* AppDelegate.swift */,
				88F1A95B26E1B52C00E4B64E /* SceneDelegate.swift */,
				88F1A95F26E1B52C00E4B64E /* Main.storyboard */,
				88F1A96226E1B53300E4B64E /* Assets.xcassets */,
				88F1A96426E1B53300E4B64E /* LaunchScreen.storyboard */,
				88F1A96726E1B53300E4B64E /* Info.plist */,
				88F38C9828A2375E005BCBFA /* iOS Demo-Bridging-Header.h */,
			);
			path = "iOS Demo";
			sourceTree = "<group>";
		};
		88F1A96F26E1B53300E4B64E /* iOS DemoTests */ = {
			isa = PBXGroup;
			children = (
				88F1A97026E1B53300E4B64E /* iOS_DemoTests.swift */,
				88F1A97226E1B53300E4B64E /* Info.plist */,
			);
			path = "iOS DemoTests";
			sourceTree = "<group>";
		};
		88F1A97A26E1B53300E4B64E /* iOS DemoUITests */ = {
			isa = PBXGroup;
			children = (
				88F1A97B26E1B53300E4B64E /* iOS_DemoUITests.swift */,
				88F1A97D26E1B53300E4B64E /* Info.plist */,
			);
			path = "iOS DemoUITests";
			sourceTree = "<group>";
		};
		88F1A99126E1FE7200E4B64E /* Index */ = {
			isa = PBXGroup;
			children = (
				88F38CC028A3B73B005BCBFA /* Playground */,
				88F1A98C26E1D08F00E4B64E /* IndexCell.swift */,
				88F1A95D26E1B52C00E4B64E /* IndexViewController.swift */,
				88F38CAF28A266FA005BCBFA /* IndexCell.xib */,
			);
			path = Index;
			sourceTree = "<group>";
		};
		88F38C9528A20BE4005BCBFA /* Hash */ = {
			isa = PBXGroup;
			children = (
				88F38C9628A20BFF005BCBFA /* HashViewController.swift */,
				88F38C9928A2375E005BCBFA /* HashOCViewController.h */,
				88F38C9A28A2375E005BCBFA /* HashOCViewController.m */,
				88F38C9C28A2496B005BCBFA /* CopyViewController.h */,
				88F38C9D28A2496B005BCBFA /* CopyViewController.m */,
			);
			path = Hash;
			sourceTree = "<group>";
		};
		88F38CA028A24D76005BCBFA /* Foundation */ = {
			isa = PBXGroup;
			children = (
				88F38CBF28A3B602005BCBFA /* MultiThread */,
				88F38CB828A39DFA005BCBFA /* Atomic */,
				88F38CB128A34490005BCBFA /* ReadWriteLock */,
				88F38C9528A20BE4005BCBFA /* Hash */,
				88F38CBC28A3B4FA005BCBFA /* StaticDynamicTypeViewController.h */,
				88F38CBD28A3B4FA005BCBFA /* StaticDynamicTypeViewController.m */,
				88F38CC628A4D750005BCBFA /* SelfSuperViewController.h */,
				88F38CC728A4D750005BCBFA /* SelfSuperViewController.m */,
			);
			path = Foundation;
			sourceTree = "<group>";
		};
		88F38CB128A34490005BCBFA /* ReadWriteLock */ = {
			isa = PBXGroup;
			children = (
				88F38CB228A344B5005BCBFA /* ReadWriteLockViewController.h */,
				88F38CB328A344B5005BCBFA /* ReadWriteLockViewController.m */,
			);
			path = ReadWriteLock;
			sourceTree = "<group>";
		};
		88F38CB828A39DFA005BCBFA /* Atomic */ = {
			isa = PBXGroup;
			children = (
				88F38CB928A39E1F005BCBFA /* AtomicThreadNotSafeViewController.h */,
				88F38CBA28A39E1F005BCBFA /* AtomicThreadNotSafeViewController.m */,
			);
			path = Atomic;
			sourceTree = "<group>";
		};
		88F38CBF28A3B602005BCBFA /* MultiThread */ = {
			isa = PBXGroup;
			children = (
				88F38CB528A381EC005BCBFA /* MultiThreadViewController.h */,
				88F38CB628A381EC005BCBFA /* MultiThreadViewController.m */,
			);
			path = MultiThread;
			sourceTree = "<group>";
		};
		88F38CC028A3B73B005BCBFA /* Playground */ = {
			isa = PBXGroup;
			children = (
				88F38CC128A3B75F005BCBFA /* PlaygroundOCViewController.h */,
				88F38CC228A3B75F005BCBFA /* PlaygroundOCViewController.m */,
				88F38CC428A3B77E005BCBFA /* PlaygroundSwiftViewController.swift */,
			);
			path = Playground;
			sourceTree = "<group>";
		};
/* End PBXGroup section */

/* Begin PBXNativeTarget section */
		88F1A95526E1B52C00E4B64E /* iOS Demo */ = {
			isa = PBXNativeTarget;
			buildConfigurationList = 88F1A98026E1B53300E4B64E /* Build configuration list for PBXNativeTarget "iOS Demo" */;
			buildPhases = (
				88F1A95226E1B52C00E4B64E /* Sources */,
				88F1A95326E1B52C00E4B64E /* Frameworks */,
				88F1A95426E1B52C00E4B64E /* Resources */,
			);
			buildRules = (
			);
			dependencies = (
			);
			name = "iOS Demo";
			productName = "iOS Demo";
			productReference = 88F1A95626E1B52C00E4B64E /* iOS Demo.app */;
			productType = "com.apple.product-type.application";
		};
		88F1A96B26E1B53300E4B64E /* iOS DemoTests */ = {
			isa = PBXNativeTarget;
			buildConfigurationList = 88F1A98326E1B53300E4B64E /* Build configuration list for PBXNativeTarget "iOS DemoTests" */;
			buildPhases = (
				88F1A96826E1B53300E4B64E /* Sources */,
				88F1A96926E1B53300E4B64E /* Frameworks */,
				88F1A96A26E1B53300E4B64E /* Resources */,
			);
			buildRules = (
			);
			dependencies = (
				88F1A96E26E1B53300E4B64E /* PBXTargetDependency */,
			);
			name = "iOS DemoTests";
			productName = "iOS DemoTests";
			productReference = 88F1A96C26E1B53300E4B64E /* iOS DemoTests.xctest */;
			productType = "com.apple.product-type.bundle.unit-test";
		};
		88F1A97626E1B53300E4B64E /* iOS DemoUITests */ = {
			isa = PBXNativeTarget;
			buildConfigurationList = 88F1A98626E1B53300E4B64E /* Build configuration list for PBXNativeTarget "iOS DemoUITests" */;
			buildPhases = (
				88F1A97326E1B53300E4B64E /* Sources */,
				88F1A97426E1B53300E4B64E /* Frameworks */,
				88F1A97526E1B53300E4B64E /* Resources */,
			);
			buildRules = (
			);
			dependencies = (
				88F1A97926E1B53300E4B64E /* PBXTargetDependency */,
			);
			name = "iOS DemoUITests";
			productName = "iOS DemoUITests";
			productReference = 88F1A97726E1B53300E4B64E /* iOS DemoUITests.xctest */;
			productType = "com.apple.product-type.bundle.ui-testing";
		};
/* End PBXNativeTarget section */

/* Begin PBXProject section */
		88F1A94E26E1B52B00E4B64E /* Project object */ = {
			isa = PBXProject;
			attributes = {
				LastSwiftUpdateCheck = 1240;
				LastUpgradeCheck = 1240;
				TargetAttributes = {
					88F1A95526E1B52C00E4B64E = {
						CreatedOnToolsVersion = 12.4;
						LastSwiftMigration = 1340;
					};
					88F1A96B26E1B53300E4B64E = {
						CreatedOnToolsVersion = 12.4;
						TestTargetID = 88F1A95526E1B52C00E4B64E;
					};
					88F1A97626E1B53300E4B64E = {
						CreatedOnToolsVersion = 12.4;
						TestTargetID = 88F1A95526E1B52C00E4B64E;
					};
				};
			};
			buildConfigurationList = 88F1A95126E1B52B00E4B64E /* Build configuration list for PBXProject "iOS Demo" */;
			compatibilityVersion = "Xcode 9.3";
			developmentRegion = en;
			hasScannedForEncodings = 0;
			knownRegions = (
				en,
				Base,
			);
			mainGroup = 88F1A94D26E1B52B00E4B64E;
			productRefGroup = 88F1A95726E1B52C00E4B64E /* Products */;
			projectDirPath = "";
			projectRoot = "";
			targets = (
				88F1A95526E1B52C00E4B64E /* iOS Demo */,
				88F1A96B26E1B53300E4B64E /* iOS DemoTests */,
				88F1A97626E1B53300E4B64E /* iOS DemoUITests */,
			);
		};
/* End PBXProject section */

/* Begin PBXResourcesBuildPhase section */
		88F1A95426E1B52C00E4B64E /* Resources */ = {
			isa = PBXResourcesBuildPhase;
			buildActionMask = 2147483647;
			files = (
				88F1A96626E1B53300E4B64E /* LaunchScreen.storyboard in Resources */,
				88F1A96326E1B53300E4B64E /* Assets.xcassets in Resources */,
				88F38CB028A266FA005BCBFA /* IndexCell.xib in Resources */,
				88F1A96126E1B52C00E4B64E /* Main.storyboard in Resources */,
			);
			runOnlyForDeploymentPostprocessing = 0;
		};
		88F1A96A26E1B53300E4B64E /* Resources */ = {
			isa = PBXResourcesBuildPhase;
			buildActionMask = 2147483647;
			files = (
			);
			runOnlyForDeploymentPostprocessing = 0;
		};
		88F1A97526E1B53300E4B64E /* Resources */ = {
			isa = PBXResourcesBuildPhase;
			buildActionMask = 2147483647;
			files = (
			);
			runOnlyForDeploymentPostprocessing = 0;
		};
/* End PBXResourcesBuildPhase section */

/* Begin PBXSourcesBuildPhase section */
		88F1A95226E1B52C00E4B64E /* Sources */ = {
			isa = PBXSourcesBuildPhase;
			buildActionMask = 2147483647;
			files = (
				88F38CC828A4D750005BCBFA /* SelfSuperViewController.m in Sources */,
				88F1A95E26E1B52C00E4B64E /* IndexViewController.swift in Sources */,
				88F1A95A26E1B52C00E4B64E /* AppDelegate.swift in Sources */,
				88F38C9E28A2496B005BCBFA /* CopyViewController.m in Sources */,
				88F1A98D26E1D08F00E4B64E /* IndexCell.swift in Sources */,
				88F38CC528A3B77E005BCBFA /* PlaygroundSwiftViewController.swift in Sources */,
				88F38CBE28A3B4FA005BCBFA /* StaticDynamicTypeViewController.m in Sources */,
				88F38CC328A3B75F005BCBFA /* PlaygroundOCViewController.m in Sources */,
				88F1A95C26E1B52C00E4B64E /* SceneDelegate.swift in Sources */,
				88F38C9B28A2375E005BCBFA /* HashOCViewController.m in Sources */,
				88F38CBB28A39E1F005BCBFA /* AtomicThreadNotSafeViewController.m in Sources */,
				88F38C9728A20BFF005BCBFA /* HashViewController.swift in Sources */,
				88F38CB428A344B5005BCBFA /* ReadWriteLockViewController.m in Sources */,
				88F38CB728A381EC005BCBFA /* MultiThreadViewController.m in Sources */,
			);
			runOnlyForDeploymentPostprocessing = 0;
		};
		88F1A96826E1B53300E4B64E /* Sources */ = {
			isa = PBXSourcesBuildPhase;
			buildActionMask = 2147483647;
			files = (
				88F1A97126E1B53300E4B64E /* iOS_DemoTests.swift in Sources */,
			);
			runOnlyForDeploymentPostprocessing = 0;
		};
		88F1A97326E1B53300E4B64E /* Sources */ = {
			isa = PBXSourcesBuildPhase;
			buildActionMask = 2147483647;
			files = (
				88F1A97C26E1B53300E4B64E /* iOS_DemoUITests.swift in Sources */,
			);
			runOnlyForDeploymentPostprocessing = 0;
		};
/* End PBXSourcesBuildPhase section */

/* Begin PBXTargetDependency section */
		88F1A96E26E1B53300E4B64E /* PBXTargetDependency */ = {
			isa = PBXTargetDependency;
			target = 88F1A95526E1B52C00E4B64E /* iOS Demo */;
			targetProxy = 88F1A96D26E1B53300E4B64E /* PBXContainerItemProxy */;
		};
		88F1A97926E1B53300E4B64E /* PBXTargetDependency */ = {
			isa = PBXTargetDependency;
			target = 88F1A95526E1B52C00E4B64E /* iOS Demo */;
			targetProxy = 88F1A97826E1B53300E4B64E /* PBXContainerItemProxy */;
		};
/* End PBXTargetDependency section */

/* Begin PBXVariantGroup section */
		88F1A95F26E1B52C00E4B64E /* Main.storyboard */ = {
			isa = PBXVariantGroup;
			children = (
				88F1A96026E1B52C00E4B64E /* Base */,
			);
			name = Main.storyboard;
			sourceTree = "<group>";
		};
		88F1A96426E1B53300E4B64E /* LaunchScreen.storyboard */ = {
			isa = PBXVariantGroup;
			children = (
				88F1A96526E1B53300E4B64E /* Base */,
			);
			name = LaunchScreen.storyboard;
			sourceTree = "<group>";
		};
/* End PBXVariantGroup section */

/* Begin XCBuildConfiguration section */
		88F1A97E26E1B53300E4B64E /* Debug */ = {
			isa = XCBuildConfiguration;
			buildSettings = {
				ALWAYS_SEARCH_USER_PATHS = NO;
				CLANG_ANALYZER_NONNULL = YES;
				CLANG_ANALYZER_NUMBER_OBJECT_CONVERSION = YES_AGGRESSIVE;
				CLANG_CXX_LANGUAGE_STANDARD = "gnu++14";
				CLANG_CXX_LIBRARY = "libc++";
				CLANG_ENABLE_MODULES = YES;
				CLANG_ENABLE_OBJC_ARC = YES;
				CLANG_ENABLE_OBJC_WEAK = YES;
				CLANG_WARN_BLOCK_CAPTURE_AUTORELEASING = YES;
				CLANG_WARN_BOOL_CONVERSION = YES;
				CLANG_WARN_COMMA = YES;
				CLANG_WARN_CONSTANT_CONVERSION = YES;
				CLANG_WARN_DEPRECATED_OBJC_IMPLEMENTATIONS = YES;
				CLANG_WARN_DIRECT_OBJC_ISA_USAGE = YES_ERROR;
				CLANG_WARN_DOCUMENTATION_COMMENTS = YES;
				CLANG_WARN_EMPTY_BODY = YES;
				CLANG_WARN_ENUM_CONVERSION = YES;
				CLANG_WARN_INFINITE_RECURSION = YES;
				CLANG_WARN_INT_CONVERSION = YES;
				CLANG_WARN_NON_LITERAL_NULL_CONVERSION = YES;
				CLANG_WARN_OBJC_IMPLICIT_RETAIN_SELF = YES;
				CLANG_WARN_OBJC_LITERAL_CONVERSION = YES;
				CLANG_WARN_OBJC_ROOT_CLASS = YES_ERROR;
				CLANG_WARN_QUOTED_INCLUDE_IN_FRAMEWORK_HEADER = YES;
				CLANG_WARN_RANGE_LOOP_ANALYSIS = YES;
				CLANG_WARN_STRICT_PROTOTYPES = YES;
				CLANG_WARN_SUSPICIOUS_MOVE = YES;
				CLANG_WARN_UNGUARDED_AVAILABILITY = YES_AGGRESSIVE;
				CLANG_WARN_UNREACHABLE_CODE = YES;
				CLANG_WARN__DUPLICATE_METHOD_MATCH = YES;
				COPY_PHASE_STRIP = NO;
				DEBUG_INFORMATION_FORMAT = dwarf;
				ENABLE_STRICT_OBJC_MSGSEND = YES;
				ENABLE_TESTABILITY = YES;
				GCC_C_LANGUAGE_STANDARD = gnu11;
				GCC_DYNAMIC_NO_PIC = NO;
				GCC_NO_COMMON_BLOCKS = YES;
				GCC_OPTIMIZATION_LEVEL = 0;
				GCC_PREPROCESSOR_DEFINITIONS = (
					"DEBUG=1",
					"$(inherited)",
				);
				GCC_WARN_64_TO_32_BIT_CONVERSION = YES;
				GCC_WARN_ABOUT_RETURN_TYPE = YES_ERROR;
				GCC_WARN_UNDECLARED_SELECTOR = YES;
				GCC_WARN_UNINITIALIZED_AUTOS = YES_AGGRESSIVE;
				GCC_WARN_UNUSED_FUNCTION = YES;
				GCC_WARN_UNUSED_VARIABLE = YES;
				IPHONEOS_DEPLOYMENT_TARGET = 14.4;
				MTL_ENABLE_DEBUG_INFO = INCLUDE_SOURCE;
				MTL_FAST_MATH = YES;
				ONLY_ACTIVE_ARCH = YES;
				SDKROOT = iphoneos;
				SWIFT_ACTIVE_COMPILATION_CONDITIONS = DEBUG;
				SWIFT_OPTIMIZATION_LEVEL = "-Onone";
			};
			name = Debug;
		};
		88F1A97F26E1B53300E4B64E /* Release */ = {
			isa = XCBuildConfiguration;
			buildSettings = {
				ALWAYS_SEARCH_USER_PATHS = NO;
				CLANG_ANALYZER_NONNULL = YES;
				CLANG_ANALYZER_NUMBER_OBJECT_CONVERSION = YES_AGGRESSIVE;
				CLANG_CXX_LANGUAGE_STANDARD = "gnu++14";
				CLANG_CXX_LIBRARY = "libc++";
				CLANG_ENABLE_MODULES = YES;
				CLANG_ENABLE_OBJC_ARC = YES;
				CLANG_ENABLE_OBJC_WEAK = YES;
				CLANG_WARN_BLOCK_CAPTURE_AUTORELEASING = YES;
				CLANG_WARN_BOOL_CONVERSION = YES;
				CLANG_WARN_COMMA = YES;
				CLANG_WARN_CONSTANT_CONVERSION = YES;
				CLANG_WARN_DEPRECATED_OBJC_IMPLEMENTATIONS = YES;
				CLANG_WARN_DIRECT_OBJC_ISA_USAGE = YES_ERROR;
				CLANG_WARN_DOCUMENTATION_COMMENTS = YES;
				CLANG_WARN_EMPTY_BODY = YES;
				CLANG_WARN_ENUM_CONVERSION = YES;
				CLANG_WARN_INFINITE_RECURSION = YES;
				CLANG_WARN_INT_CONVERSION = YES;
				CLANG_WARN_NON_LITERAL_NULL_CONVERSION = YES;
				CLANG_WARN_OBJC_IMPLICIT_RETAIN_SELF = YES;
				CLANG_WARN_OBJC_LITERAL_CONVERSION = YES;
				CLANG_WARN_OBJC_ROOT_CLASS = YES_ERROR;
				CLANG_WARN_QUOTED_INCLUDE_IN_FRAMEWORK_HEADER = YES;
				CLANG_WARN_RANGE_LOOP_ANALYSIS = YES;
				CLANG_WARN_STRICT_PROTOTYPES = YES;
				CLANG_WARN_SUSPICIOUS_MOVE = YES;
				CLANG_WARN_UNGUARDED_AVAILABILITY = YES_AGGRESSIVE;
				CLANG_WARN_UNREACHABLE_CODE = YES;
				CLANG_WARN__DUPLICATE_METHOD_MATCH = YES;
				COPY_PHASE_STRIP = NO;
				DEBUG_INFORMATION_FORMAT = "dwarf-with-dsym";
				ENABLE_NS_ASSERTIONS = NO;
				ENABLE_STRICT_OBJC_MSGSEND = YES;
				GCC_C_LANGUAGE_STANDARD = gnu11;
				GCC_NO_COMMON_BLOCKS = YES;
				GCC_WARN_64_TO_32_BIT_CONVERSION = YES;
				GCC_WARN_ABOUT_RETURN_TYPE = YES_ERROR;
				GCC_WARN_UNDECLARED_SELECTOR = YES;
				GCC_WARN_UNINITIALIZED_AUTOS = YES_AGGRESSIVE;
				GCC_WARN_UNUSED_FUNCTION = YES;
				GCC_WARN_UNUSED_VARIABLE = YES;
				IPHONEOS_DEPLOYMENT_TARGET = 14.4;
				MTL_ENABLE_DEBUG_INFO = NO;
				MTL_FAST_MATH = YES;
				SDKROOT = iphoneos;
				SWIFT_COMPILATION_MODE = wholemodule;
				SWIFT_OPTIMIZATION_LEVEL = "-O";
				VALIDATE_PRODUCT = YES;
			};
			name = Release;
		};
		88F1A98126E1B53300E4B64E /* Debug */ = {
			isa = XCBuildConfiguration;
			buildSettings = {
				ASSETCATALOG_COMPILER_APPICON_NAME = AppIcon;
				ASSETCATALOG_COMPILER_GLOBAL_ACCENT_COLOR_NAME = AccentColor;
				CLANG_ENABLE_MODULES = YES;
				CODE_SIGN_STYLE = Automatic;
				DEVELOPMENT_TEAM = G2ZUQ5958D;
				INFOPLIST_FILE = "iOS Demo/Info.plist";
				LD_RUNPATH_SEARCH_PATHS = (
					"$(inherited)",
					"@executable_path/Frameworks",
				);
				PRODUCT_BUNDLE_IDENTIFIER = "com.albz.test.iOS-Demo";
				PRODUCT_NAME = "$(TARGET_NAME)";
				SWIFT_OBJC_BRIDGING_HEADER = "./iOS Demo/iOS Demo-Bridging-Header.h";
				SWIFT_OPTIMIZATION_LEVEL = "-Onone";
				SWIFT_VERSION = 5.0;
				TARGETED_DEVICE_FAMILY = "1,2";
			};
			name = Debug;
		};
		88F1A98226E1B53300E4B64E /* Release */ = {
			isa = XCBuildConfiguration;
			buildSettings = {
				ASSETCATALOG_COMPILER_APPICON_NAME = AppIcon;
				ASSETCATALOG_COMPILER_GLOBAL_ACCENT_COLOR_NAME = AccentColor;
				CLANG_ENABLE_MODULES = YES;
				CODE_SIGN_STYLE = Automatic;
				DEVELOPMENT_TEAM = G2ZUQ5958D;
				INFOPLIST_FILE = "iOS Demo/Info.plist";
				LD_RUNPATH_SEARCH_PATHS = (
					"$(inherited)",
					"@executable_path/Frameworks",
				);
				PRODUCT_BUNDLE_IDENTIFIER = "com.albz.test.iOS-Demo";
				PRODUCT_NAME = "$(TARGET_NAME)";
				SWIFT_OBJC_BRIDGING_HEADER = "./iOS Demo/iOS Demo-Bridging-Header.h";
				SWIFT_VERSION = 5.0;
				TARGETED_DEVICE_FAMILY = "1,2";
			};
			name = Release;
		};
		88F1A98426E1B53300E4B64E /* Debug */ = {
			isa = XCBuildConfiguration;
			buildSettings = {
				ALWAYS_EMBED_SWIFT_STANDARD_LIBRARIES = YES;
				BUNDLE_LOADER = "$(TEST_HOST)";
				CODE_SIGN_STYLE = Automatic;
				DEVELOPMENT_TEAM = G2ZUQ5958D;
				INFOPLIST_FILE = "iOS DemoTests/Info.plist";
				IPHONEOS_DEPLOYMENT_TARGET = 14.4;
				LD_RUNPATH_SEARCH_PATHS = (
					"$(inherited)",
					"@executable_path/Frameworks",
					"@loader_path/Frameworks",
				);
				PRODUCT_BUNDLE_IDENTIFIER = "com.albz.test.iOS-DemoTests";
				PRODUCT_NAME = "$(TARGET_NAME)";
				SWIFT_VERSION = 5.0;
				TARGETED_DEVICE_FAMILY = "1,2";
				TEST_HOST = "$(BUILT_PRODUCTS_DIR)/iOS Demo.app/iOS Demo";
			};
			name = Debug;
		};
		88F1A98526E1B53300E4B64E /* Release */ = {
			isa = XCBuildConfiguration;
			buildSettings = {
				ALWAYS_EMBED_SWIFT_STANDARD_LIBRARIES = YES;
				BUNDLE_LOADER = "$(TEST_HOST)";
				CODE_SIGN_STYLE = Automatic;
				DEVELOPMENT_TEAM = G2ZUQ5958D;
				INFOPLIST_FILE = "iOS DemoTests/Info.plist";
				IPHONEOS_DEPLOYMENT_TARGET = 14.4;
				LD_RUNPATH_SEARCH_PATHS = (
					"$(inherited)",
					"@executable_path/Frameworks",
					"@loader_path/Frameworks",
				);
				PRODUCT_BUNDLE_IDENTIFIER = "com.albz.test.iOS-DemoTests";
				PRODUCT_NAME = "$(TARGET_NAME)";
				SWIFT_VERSION = 5.0;
				TARGETED_DEVICE_FAMILY = "1,2";
				TEST_HOST = "$(BUILT_PRODUCTS_DIR)/iOS Demo.app/iOS Demo";
			};
			name = Release;
		};
		88F1A98726E1B53300E4B64E /* Debug */ = {
			isa = XCBuildConfiguration;
			buildSettings = {
				ALWAYS_EMBED_SWIFT_STANDARD_LIBRARIES = YES;
				CODE_SIGN_STYLE = Automatic;
				DEVELOPMENT_TEAM = G2ZUQ5958D;
				INFOPLIST_FILE = "iOS DemoUITests/Info.plist";
				LD_RUNPATH_SEARCH_PATHS = (
					"$(inherited)",
					"@executable_path/Frameworks",
					"@loader_path/Frameworks",
				);
				PRODUCT_BUNDLE_IDENTIFIER = "com.albz.test.iOS-DemoUITests";
				PRODUCT_NAME = "$(TARGET_NAME)";
				SWIFT_VERSION = 5.0;
				TARGETED_DEVICE_FAMILY = "1,2";
				TEST_TARGET_NAME = "iOS Demo";
			};
			name = Debug;
		};
		88F1A98826E1B53300E4B64E /* Release */ = {
			isa = XCBuildConfiguration;
			buildSettings = {
				ALWAYS_EMBED_SWIFT_STANDARD_LIBRARIES = YES;
				CODE_SIGN_STYLE = Automatic;
				DEVELOPMENT_TEAM = G2ZUQ5958D;
				INFOPLIST_FILE = "iOS DemoUITests/Info.plist";
				LD_RUNPATH_SEARCH_PATHS = (
					"$(inherited)",
					"@executable_path/Frameworks",
					"@loader_path/Frameworks",
				);
				PRODUCT_BUNDLE_IDENTIFIER = "com.albz.test.iOS-DemoUITests";
				PRODUCT_NAME = "$(TARGET_NAME)";
				SWIFT_VERSION = 5.0;
				TARGETED_DEVICE_FAMILY = "1,2";
				TEST_TARGET_NAME = "iOS Demo";
			};
			name = Release;
		};
/* End XCBuildConfiguration section */

/* Begin XCConfigurationList section */
		88F1A95126E1B52B00E4B64E /* Build configuration list for PBXProject "iOS Demo" */ = {
			isa = XCConfigurationList;
			buildConfigurations = (
				88F1A97E26E1B53300E4B64E /* Debug */,
				88F1A97F26E1B53300E4B64E /* Release */,
			);
			defaultConfigurationIsVisible = 0;
			defaultConfigurationName = Release;
		};
		88F1A98026E1B53300E4B64E /* Build configuration list for PBXNativeTarget "iOS Demo" */ = {
			isa = XCConfigurationList;
			buildConfigurations = (
				88F1A98126E1B53300E4B64E /* Debug */,
				88F1A98226E1B53300E4B64E /* Release */,
			);
			defaultConfigurationIsVisible = 0;
			defaultConfigurationName = Release;
		};
		88F1A98326E1B53300E4B64E /* Build configuration list for PBXNativeTarget "iOS DemoTests" */ = {
			isa = XCConfigurationList;
			buildConfigurations = (
				88F1A98426E1B53300E4B64E /* Debug */,
				88F1A98526E1B53300E4B64E /* Release */,
			);
			defaultConfigurationIsVisible = 0;
			defaultConfigurationName = Release;
		};
		88F1A98626E1B53300E4B64E /* Build configuration list for PBXNativeTarget "iOS DemoUITests" */ = {
			isa = XCConfigurationList;
			buildConfigurations = (
				88F1A98726E1B53300E4B64E /* Debug */,
				88F1A98826E1B53300E4B64E /* Release */,
			);
			defaultConfigurationIsVisible = 0;
			defaultConfigurationName = Release;
		};
/* End XCConfigurationList section */
	};
	rootObject = 88F1A94E26E1B52B00E4B64E /* Project object */;
}
